// !$*UTF8*$!
{
	archiveVersion = 1;
	classes = {
	};
	objectVersion = 46;
	objects = {

/* Begin PBXBuildFile section */
		226B0BE71DBA3B2F00E84577 /* AppDelegate.swift in Sources */ = {isa = PBXBuildFile; fileRef = 226B0BE61DBA3B2F00E84577 /* AppDelegate.swift */; };
		226B0BE91DBA3B2F00E84577 /* ViewController.swift in Sources */ = {isa = PBXBuildFile; fileRef = 226B0BE81DBA3B2F00E84577 /* ViewController.swift */; };
		226B0BEC1DBA3B2F00E84577 /* Main.storyboard in Resources */ = {isa = PBXBuildFile; fileRef = 226B0BEA1DBA3B2F00E84577 /* Main.storyboard */; };
		226B0BEE1DBA3B2F00E84577 /* Assets.xcassets in Resources */ = {isa = PBXBuildFile; fileRef = 226B0BED1DBA3B2F00E84577 /* Assets.xcassets */; };
		226B0BF11DBA3B2F00E84577 /* LaunchScreen.storyboard in Resources */ = {isa = PBXBuildFile; fileRef = 226B0BEF1DBA3B2F00E84577 /* LaunchScreen.storyboard */; };
		226B0BFC1DBA3B2F00E84577 /* Up_Goer_5Tests.swift in Sources */ = {isa = PBXBuildFile; fileRef = 226B0BFB1DBA3B2F00E84577 /* Up_Goer_5Tests.swift */; };
		226B0C071DBA3B2F00E84577 /* Up_Goer_5UITests.swift in Sources */ = {isa = PBXBuildFile; fileRef = 226B0C061DBA3B2F00E84577 /* Up_Goer_5UITests.swift */; };
/* End PBXBuildFile section */

/* Begin PBXContainerItemProxy section */
		226B0BF81DBA3B2F00E84577 /* PBXContainerItemProxy */ = {
			isa = PBXContainerItemProxy;
			containerPortal = 226B0BDB1DBA3B2F00E84577 /* Project object */;
			proxyType = 1;
			remoteGlobalIDString = 226B0BE21DBA3B2F00E84577;
			remoteInfo = "Up Goer 5";
		};
		226B0C031DBA3B2F00E84577 /* PBXContainerItemProxy */ = {
			isa = PBXContainerItemProxy;
			containerPortal = 226B0BDB1DBA3B2F00E84577 /* Project object */;
			proxyType = 1;
			remoteGlobalIDString = 226B0BE21DBA3B2F00E84577;
			remoteInfo = "Up Goer 5";
		};
/* End PBXContainerItemProxy section */

/* Begin PBXFileReference section */
		226B0BE31DBA3B2F00E84577 /* Up Goer 5.app */ = {isa = PBXFileReference; explicitFileType = wrapper.application; includeInIndex = 0; path = "Up Goer 5.app"; sourceTree = BUILT_PRODUCTS_DIR; };
		226B0BE61DBA3B2F00E84577 /* AppDelegate.swift */ = {isa = PBXFileReference; lastKnownFileType = sourcecode.swift; path = AppDelegate.swift; sourceTree = "<group>"; };
		226B0BE81DBA3B2F00E84577 /* ViewController.swift */ = {isa = PBXFileReference; lastKnownFileType = sourcecode.swift; path = ViewController.swift; sourceTree = "<group>"; };
		226B0BEB1DBA3B2F00E84577 /* Base */ = {isa = PBXFileReference; lastKnownFileType = file.storyboard; name = Base; path = Base.lproj/Main.storyboard; sourceTree = "<group>"; };
		226B0BED1DBA3B2F00E84577 /* Assets.xcassets */ = {isa = PBXFileReference; lastKnownFileType = folder.assetcatalog; path = Assets.xcassets; sourceTree = "<group>"; };
		226B0BF01DBA3B2F00E84577 /* Base */ = {isa = PBXFileReference; lastKnownFileType = file.storyboard; name = Base; path = Base.lproj/LaunchScreen.storyboard; sourceTree = "<group>"; };
		226B0BF21DBA3B2F00E84577 /* Info.plist */ = {isa = PBXFileReference; lastKnownFileType = text.plist.xml; path = Info.plist; sourceTree = "<group>"; };
		226B0BF71DBA3B2F00E84577 /* Up Goer 5Tests.xctest */ = {isa = PBXFileReference; explicitFileType = wrapper.cfbundle; includeInIndex = 0; path = "Up Goer 5Tests.xctest"; sourceTree = BUILT_PRODUCTS_DIR; };
		226B0BFB1DBA3B2F00E84577 /* Up_Goer_5Tests.swift */ = {isa = PBXFileReference; lastKnownFileType = sourcecode.swift; path = Up_Goer_5Tests.swift; sourceTree = "<group>"; };
		226B0BFD1DBA3B2F00E84577 /* Info.plist */ = {isa = PBXFileReference; lastKnownFileType = text.plist.xml; path = Info.plist; sourceTree = "<group>"; };
		226B0C021DBA3B2F00E84577 /* Up Goer 5UITests.xctest */ = {isa = PBXFileReference; explicitFileType = wrapper.cfbundle; includeInIndex = 0; path = "Up Goer 5UITests.xctest"; sourceTree = BUILT_PRODUCTS_DIR; };
		226B0C061DBA3B2F00E84577 /* Up_Goer_5UITests.swift */ = {isa = PBXFileReference; lastKnownFileType = sourcecode.swift; path = Up_Goer_5UITests.swift; sourceTree = "<group>"; };
		226B0C081DBA3B2F00E84577 /* Info.plist */ = {isa = PBXFileReference; lastKnownFileType = text.plist.xml; path = Info.plist; sourceTree = "<group>"; };
/* End PBXFileReference section */

/* Begin PBXFrameworksBuildPhase section */
		226B0BE01DBA3B2F00E84577 /* Frameworks */ = {
			isa = PBXFrameworksBuildPhase;
			buildActionMask = 2147483647;
			files = (
			);
			runOnlyForDeploymentPostprocessing = 0;
		};
		226B0BF41DBA3B2F00E84577 /* Frameworks */ = {
			isa = PBXFrameworksBuildPhase;
			buildActionMask = 2147483647;
			files = (
			);
			runOnlyForDeploymentPostprocessing = 0;
		};
		226B0BFF1DBA3B2F00E84577 /* Frameworks */ = {
			isa = PBXFrameworksBuildPhase;
			buildActionMask = 2147483647;
			files = (
			);
			runOnlyForDeploymentPostprocessing = 0;
		};
/* End PBXFrameworksBuildPhase section */

/* Begin PBXGroup section */
		226B0BDA1DBA3B2F00E84577 = {
			isa = PBXGroup;
			children = (
				226B0BE51DBA3B2F00E84577 /* Up Goer 5 */,
				226B0BFA1DBA3B2F00E84577 /* Up Goer 5Tests */,
				226B0C051DBA3B2F00E84577 /* Up Goer 5UITests */,
				226B0BE41DBA3B2F00E84577 /* Products */,
			);
			sourceTree = "<group>";
		};
		226B0BE41DBA3B2F00E84577 /* Products */ = {
			isa = PBXGroup;
			children = (
				226B0BE31DBA3B2F00E84577 /* Up Goer 5.app */,
				226B0BF71DBA3B2F00E84577 /* Up Goer 5Tests.xctest */,
				226B0C021DBA3B2F00E84577 /* Up Goer 5UITests.xctest */,
			);
			name = Products;
			sourceTree = "<group>";
		};
		226B0BE51DBA3B2F00E84577 /* Up Goer 5 */ = {
			isa = PBXGroup;
			children = (
				226B0BE61DBA3B2F00E84577 /* AppDelegate.swift */,
				226B0BE81DBA3B2F00E84577 /* ViewController.swift */,
				226B0BEA1DBA3B2F00E84577 /* Main.storyboard */,
				226B0BED1DBA3B2F00E84577 /* Assets.xcassets */,
				226B0BEF1DBA3B2F00E84577 /* LaunchScreen.storyboard */,
				226B0BF21DBA3B2F00E84577 /* Info.plist */,
			);
			path = "Up Goer 5";
			sourceTree = "<group>";
		};
		226B0BFA1DBA3B2F00E84577 /* Up Goer 5Tests */ = {
			isa = PBXGroup;
			children = (
				226B0BFB1DBA3B2F00E84577 /* Up_Goer_5Tests.swift */,
				226B0BFD1DBA3B2F00E84577 /* Info.plist */,
			);
			path = "Up Goer 5Tests";
			sourceTree = "<group>";
		};
		226B0C051DBA3B2F00E84577 /* Up Goer 5UITests */ = {
			isa = PBXGroup;
			children = (
				226B0C061DBA3B2F00E84577 /* Up_Goer_5UITests.swift */,
				226B0C081DBA3B2F00E84577 /* Info.plist */,
			);
			path = "Up Goer 5UITests";
			sourceTree = "<group>";
		};
/* End PBXGroup section */

/* Begin PBXNativeTarget section */
		226B0BE21DBA3B2F00E84577 /* Up Goer 5 */ = {
			isa = PBXNativeTarget;
			buildConfigurationList = 226B0C0B1DBA3B2F00E84577 /* Build configuration list for PBXNativeTarget "Up Goer 5" */;
			buildPhases = (
				226B0BDF1DBA3B2F00E84577 /* Sources */,
				226B0BE01DBA3B2F00E84577 /* Frameworks */,
				226B0BE11DBA3B2F00E84577 /* Resources */,
			);
			buildRules = (
			);
			dependencies = (
			);
			name = "Up Goer 5";
			productName = "Up Goer 5";
			productReference = 226B0BE31DBA3B2F00E84577 /* Up Goer 5.app */;
			productType = "com.apple.product-type.application";
		};
		226B0BF61DBA3B2F00E84577 /* Up Goer 5Tests */ = {
			isa = PBXNativeTarget;
			buildConfigurationList = 226B0C0E1DBA3B2F00E84577 /* Build configuration list for PBXNativeTarget "Up Goer 5Tests" */;
			buildPhases = (
				226B0BF31DBA3B2F00E84577 /* Sources */,
				226B0BF41DBA3B2F00E84577 /* Frameworks */,
				226B0BF51DBA3B2F00E84577 /* Resources */,
			);
			buildRules = (
			);
			dependencies = (
				226B0BF91DBA3B2F00E84577 /* PBXTargetDependency */,
			);
			name = "Up Goer 5Tests";
			productName = "Up Goer 5Tests";
			productReference = 226B0BF71DBA3B2F00E84577 /* Up Goer 5Tests.xctest */;
			productType = "com.apple.product-type.bundle.unit-test";
		};
		226B0C011DBA3B2F00E84577 /* Up Goer 5UITests */ = {
			isa = PBXNativeTarget;
			buildConfigurationList = 226B0C111DBA3B2F00E84577 /* Build configuration list for PBXNativeTarget "Up Goer 5UITests" */;
			buildPhases = (
				226B0BFE1DBA3B2F00E84577 /* Sources */,
				226B0BFF1DBA3B2F00E84577 /* Frameworks */,
				226B0C001DBA3B2F00E84577 /* Resources */,
			);
			buildRules = (
			);
			dependencies = (
				226B0C041DBA3B2F00E84577 /* PBXTargetDependency */,
			);
			name = "Up Goer 5UITests";
			productName = "Up Goer 5UITests";
			productReference = 226B0C021DBA3B2F00E84577 /* Up Goer 5UITests.xctest */;
			productType = "com.apple.product-type.bundle.ui-testing";
		};
/* End PBXNativeTarget section */

/* Begin PBXProject section */
		226B0BDB1DBA3B2F00E84577 /* Project object */ = {
			isa = PBXProject;
			attributes = {
				LastSwiftUpdateCheck = 0720;
				LastUpgradeCheck = 0720;
				ORGANIZATIONNAME = "MBHS Smartphone Programming Club";
				TargetAttributes = {
					226B0BE21DBA3B2F00E84577 = {
						CreatedOnToolsVersion = 7.2;
					};
					226B0BF61DBA3B2F00E84577 = {
						CreatedOnToolsVersion = 7.2;
						TestTargetID = 226B0BE21DBA3B2F00E84577;
					};
					226B0C011DBA3B2F00E84577 = {
						CreatedOnToolsVersion = 7.2;
						TestTargetID = 226B0BE21DBA3B2F00E84577;
					};
				};
			};
			buildConfigurationList = 226B0BDE1DBA3B2F00E84577 /* Build configuration list for PBXProject "Up Goer 5" */;
			compatibilityVersion = "Xcode 3.2";
			developmentRegion = English;
			hasScannedForEncodings = 0;
			knownRegions = (
				en,
				Base,
			);
			mainGroup = 226B0BDA1DBA3B2F00E84577;
			productRefGroup = 226B0BE41DBA3B2F00E84577 /* Products */;
			projectDirPath = "";
			projectRoot = "";
			targets = (
				226B0BE21DBA3B2F00E84577 /* Up Goer 5 */,
				226B0BF61DBA3B2F00E84577 /* Up Goer 5Tests */,
				226B0C011DBA3B2F00E84577 /* Up Goer 5UITests */,
			);
		};
/* End PBXProject section */

/* Begin PBXResourcesBuildPhase section */
		226B0BE11DBA3B2F00E84577 /* Resources */ = {
			isa = PBXResourcesBuildPhase;
			buildActionMask = 2147483647;
			files = (
				226B0BF11DBA3B2F00E84577 /* LaunchScreen.storyboard in Resources */,
				226B0BEE1DBA3B2F00E84577 /* Assets.xcassets in Resources */,
				226B0BEC1DBA3B2F00E84577 /* Main.storyboard in Resources */,
			);
			runOnlyForDeploymentPostprocessing = 0;
		};
		226B0BF51DBA3B2F00E84577 /* Resources */ = {
			isa = PBXResourcesBuildPhase;
			buildActionMask = 2147483647;
			files = (
			);
			runOnlyForDeploymentPostprocessing = 0;
		};
		226B0C001DBA3B2F00E84577 /* Resources */ = {
			isa = PBXResourcesBuildPhase;
			buildActionMask = 2147483647;
			files = (
			);
			runOnlyForDeploymentPostprocessing = 0;
		};
/* End PBXResourcesBuildPhase section */

/* Begin PBXSourcesBuildPhase section */
		226B0BDF1DBA3B2F00E84577 /* Sources */ = {
			isa = PBXSourcesBuildPhase;
			buildActionMask = 2147483647;
			files = (
				226B0BE91DBA3B2F00E84577 /* ViewController.swift in Sources */,
				226B0BE71DBA3B2F00E84577 /* AppDelegate.swift in Sources */,
			);
			runOnlyForDeploymentPostprocessing = 0;
		};
		226B0BF31DBA3B2F00E84577 /* Sources */ = {
			isa = PBXSourcesBuildPhase;
			buildActionMask = 2147483647;
			files = (
				226B0BFC1DBA3B2F00E84577 /* Up_Goer_5Tests.swift in Sources */,
			);
			runOnlyForDeploymentPostprocessing = 0;
		};
		226B0BFE1DBA3B2F00E84577 /* Sources */ = {
			isa = PBXSourcesBuildPhase;
			buildActionMask = 2147483647;
			files = (
				226B0C071DBA3B2F00E84577 /* Up_Goer_5UITests.swift in Sources */,
			);
			runOnlyForDeploymentPostprocessing = 0;
		};
/* End PBXSourcesBuildPhase section */

/* Begin PBXTargetDependency section */
		226B0BF91DBA3B2F00E84577 /* PBXTargetDependency */ = {
			isa = PBXTargetDependency;
			target = 226B0BE21DBA3B2F00E84577 /* Up Goer 5 */;
			targetProxy = 226B0BF81DBA3B2F00E84577 /* PBXContainerItemProxy */;
		};
		226B0C041DBA3B2F00E84577 /* PBXTargetDependency */ = {
			isa = PBXTargetDependency;
			target = 226B0BE21DBA3B2F00E84577 /* Up Goer 5 */;
			targetProxy = 226B0C031DBA3B2F00E84577 /* PBXContainerItemProxy */;
		};
/* End PBXTargetDependency section */

/* Begin PBXVariantGroup section */
		226B0BEA1DBA3B2F00E84577 /* Main.storyboard */ = {
			isa = PBXVariantGroup;
			children = (
				226B0BEB1DBA3B2F00E84577 /* Base */,
			);
			name = Main.storyboard;
			sourceTree = "<group>";
		};
		226B0BEF1DBA3B2F00E84577 /* LaunchScreen.storyboard */ = {
			isa = PBXVariantGroup;
			children = (
				226B0BF01DBA3B2F00E84577 /* Base */,
			);
			name = LaunchScreen.storyboard;
			sourceTree = "<group>";
		};
/* End PBXVariantGroup section */

/* Begin XCBuildConfiguration section */
		226B0C091DBA3B2F00E84577 /* Debug */ = {
			isa = XCBuildConfiguration;
			buildSettings = {
				ALWAYS_SEARCH_USER_PATHS = NO;
				CLANG_CXX_LANGUAGE_STANDARD = "gnu++0x";
				CLANG_CXX_LIBRARY = "libc++";
				CLANG_ENABLE_MODULES = YES;
				CLANG_ENABLE_OBJC_ARC = YES;
				CLANG_WARN_BOOL_CONVERSION = YES;
				CLANG_WARN_CONSTANT_CONVERSION = YES;
				CLANG_WARN_DIRECT_OBJC_ISA_USAGE = YES_ERROR;
				CLANG_WARN_EMPTY_BODY = YES;
				CLANG_WARN_ENUM_CONVERSION = YES;
				CLANG_WARN_INT_CONVERSION = YES;
				CLANG_WARN_OBJC_ROOT_CLASS = YES_ERROR;
				CLANG_WARN_UNREACHABLE_CODE = YES;
				CLANG_WARN__DUPLICATE_METHOD_MATCH = YES;
				"CODE_SIGN_IDENTITY[sdk=iphoneos*]" = "iPhone Developer";
				COPY_PHASE_STRIP = NO;
				DEBUG_INFORMATION_FORMAT = dwarf;
				ENABLE_STRICT_OBJC_MSGSEND = YES;
				ENABLE_TESTABILITY = YES;
				GCC_C_LANGUAGE_STANDARD = gnu99;
				GCC_DYNAMIC_NO_PIC = NO;
				GCC_NO_COMMON_BLOCKS = YES;
				GCC_OPTIMIZATION_LEVEL = 0;
				GCC_PREPROCESSOR_DEFINITIONS = (
					"DEBUG=1",
					"$(inherited)",
				);
				GCC_WARN_64_TO_32_BIT_CONVERSION = YES;
				GCC_WARN_ABOUT_RETURN_TYPE = YES_ERROR;
				GCC_WARN_UNDECLARED_SELECTOR = YES;
				GCC_WARN_UNINITIALIZED_AUTOS = YES_AGGRESSIVE;
				GCC_WARN_UNUSED_FUNCTION = YES;
				GCC_WARN_UNUSED_VARIABLE = YES;
				IPHONEOS_DEPLOYMENT_TARGET = 9.2;
				MTL_ENABLE_DEBUG_INFO = YES;
				ONLY_ACTIVE_ARCH = YES;
				SDKROOT = iphoneos;
				SWIFT_OPTIMIZATION_LEVEL = "-Onone";
				TARGETED_DEVICE_FAMILY = "1,2";
			};
			name = Debug;
		};
		226B0C0A1DBA3B2F00E84577 /* Release */ = {
			isa = XCBuildConfiguration;
			buildSettings = {
				ALWAYS_SEARCH_USER_PATHS = NO;
				CLANG_CXX_LANGUAGE_STANDARD = "gnu++0x";
				CLANG_CXX_LIBRARY = "libc++";
				CLANG_ENABLE_MODULES = YES;
				CLANG_ENABLE_OBJC_ARC = YES;
				CLANG_WARN_BOOL_CONVERSION = YES;
				CLANG_WARN_CONSTANT_CONVERSION = YES;
				CLANG_WARN_DIRECT_OBJC_ISA_USAGE = YES_ERROR;
				CLANG_WARN_EMPTY_BODY = YES;
				CLANG_WARN_ENUM_CONVERSION = YES;
				CLANG_WARN_INT_CONVERSION = YES;
				CLANG_WARN_OBJC_ROOT_CLASS = YES_ERROR;
				CLANG_WARN_UNREACHABLE_CODE = YES;
				CLANG_WARN__DUPLICATE_METHOD_MATCH = YES;
				"CODE_SIGN_IDENTITY[sdk=iphoneos*]" = "iPhone Developer";
				COPY_PHASE_STRIP = NO;
				DEBUG_INFORMATION_FORMAT = "dwarf-with-dsym";
				ENABLE_NS_ASSERTIONS = NO;
				ENABLE_STRICT_OBJC_MSGSEND = YES;
				GCC_C_LANGUAGE_STANDARD = gnu99;
				GCC_NO_COMMON_BLOCKS = YES;
				GCC_WARN_64_TO_32_BIT_CONVERSION = YES;
				GCC_WARN_ABOUT_RETURN_TYPE = YES_ERROR;
				GCC_WARN_UNDECLARED_SELECTOR = YES;
				GCC_WARN_UNINITIALIZED_AUTOS = YES_AGGRESSIVE;
				GCC_WARN_UNUSED_FUNCTION = YES;
				GCC_WARN_UNUSED_VARIABLE = YES;
				IPHONEOS_DEPLOYMENT_TARGET = 9.2;
				MTL_ENABLE_DEBUG_INFO = NO;
				SDKROOT = iphoneos;
				TARGETED_DEVICE_FAMILY = "1,2";
				VALIDATE_PRODUCT = YES;
			};
			name = Release;
		};
		226B0C0C1DBA3B2F00E84577 /* Debug */ = {
			isa = XCBuildConfiguration;
			buildSettings = {
				ASSETCATALOG_COMPILER_APPICON_NAME = AppIcon;
				INFOPLIST_FILE = "Up Goer 5/Info.plist";
				LD_RUNPATH_SEARCH_PATHS = "$(inherited) @executable_path/Frameworks";
				PRODUCT_BUNDLE_IDENTIFIER = "spc.Up-Goer-5";
				PRODUCT_NAME = "$(TARGET_NAME)";
			};
			name = Debug;
		};
		226B0C0D1DBA3B2F00E84577 /* Release */ = {
			isa = XCBuildConfiguration;
			buildSettings = {
				ASSETCATALOG_COMPILER_APPICON_NAME = AppIcon;
				INFOPLIST_FILE = "Up Goer 5/Info.plist";
				LD_RUNPATH_SEARCH_PATHS = "$(inherited) @executable_path/Frameworks";
				PRODUCT_BUNDLE_IDENTIFIER = "spc.Up-Goer-5";
				PRODUCT_NAME = "$(TARGET_NAME)";
			};
			name = Release;
		};
		226B0C0F1DBA3B2F00E84577 /* Debug */ = {
			isa = XCBuildConfiguration;
			buildSettings = {
				BUNDLE_LOADER = "$(TEST_HOST)";
				INFOPLIST_FILE = "Up Goer 5Tests/Info.plist";
				LD_RUNPATH_SEARCH_PATHS = "$(inherited) @executable_path/Frameworks @loader_path/Frameworks";
				PRODUCT_BUNDLE_IDENTIFIER = "spc.Up-Goer-5Tests";
				PRODUCT_NAME = "$(TARGET_NAME)";
				TEST_HOST = "$(BUILT_PRODUCTS_DIR)/Up Goer 5.app/Up Goer 5";
			};
			name = Debug;
		};
		226B0C101DBA3B2F00E84577 /* Release */ = {
			isa = XCBuildConfiguration;
			buildSettings = {
				BUNDLE_LOADER = "$(TEST_HOST)";
				INFOPLIST_FILE = "Up Goer 5Tests/Info.plist";
				LD_RUNPATH_SEARCH_PATHS = "$(inherited) @executable_path/Frameworks @loader_path/Frameworks";
				PRODUCT_BUNDLE_IDENTIFIER = "spc.Up-Goer-5Tests";
				PRODUCT_NAME = "$(TARGET_NAME)";
				TEST_HOST = "$(BUILT_PRODUCTS_DIR)/Up Goer 5.app/Up Goer 5";
			};
			name = Release;
		};
		226B0C121DBA3B2F00E84577 /* Debug */ = {
			isa = XCBuildConfiguration;
			buildSettings = {
				INFOPLIST_FILE = "Up Goer 5UITests/Info.plist";
				LD_RUNPATH_SEARCH_PATHS = "$(inherited) @executable_path/Frameworks @loader_path/Frameworks";
				PRODUCT_BUNDLE_IDENTIFIER = "spc.Up-Goer-5UITests";
				PRODUCT_NAME = "$(TARGET_NAME)";
				TEST_TARGET_NAME = "Up Goer 5";
				USES_XCTRUNNER = YES;
			};
			name = Debug;
		};
		226B0C131DBA3B2F00E84577 /* Release */ = {
			isa = XCBuildConfiguration;
			buildSettings = {
				INFOPLIST_FILE = "Up Goer 5UITests/Info.plist";
				LD_RUNPATH_SEARCH_PATHS = "$(inherited) @executable_path/Frameworks @loader_path/Frameworks";
				PRODUCT_BUNDLE_IDENTIFIER = "spc.Up-Goer-5UITests";
				PRODUCT_NAME = "$(TARGET_NAME)";
				TEST_TARGET_NAME = "Up Goer 5";
				USES_XCTRUNNER = YES;
			};
			name = Release;
		};
/* End XCBuildConfiguration section */

/* Begin XCConfigurationList section */
		226B0BDE1DBA3B2F00E84577 /* Build configuration list for PBXProject "Up Goer 5" */ = {
			isa = XCConfigurationList;
			buildConfigurations = (
				226B0C091DBA3B2F00E84577 /* Debug */,
				226B0C0A1DBA3B2F00E84577 /* Release */,
			);
			defaultConfigurationIsVisible = 0;
			defaultConfigurationName = Release;
		};
		226B0C0B1DBA3B2F00E84577 /* Build configuration list for PBXNativeTarget "Up Goer 5" */ = {
			isa = XCConfigurationList;
			buildConfigurations = (
				226B0C0C1DBA3B2F00E84577 /* Debug */,
				226B0C0D1DBA3B2F00E84577 /* Release */,
			);
			defaultConfigurationIsVisible = 0;
		};
		226B0C0E1DBA3B2F00E84577 /* Build configuration list for PBXNativeTarget "Up Goer 5Tests" */ = {
			isa = XCConfigurationList;
			buildConfigurations = (
				226B0C0F1DBA3B2F00E84577 /* Debug */,
				226B0C101DBA3B2F00E84577 /* Release */,
			);
			defaultConfigurationIsVisible = 0;
		};
		226B0C111DBA3B2F00E84577 /* Build configuration list for PBXNativeTarget "Up Goer 5UITests" */ = {
			isa = XCConfigurationList;
			buildConfigurations = (
				226B0C121DBA3B2F00E84577 /* Debug */,
				226B0C131DBA3B2F00E84577 /* Release */,
			);
			defaultConfigurationIsVisible = 0;
		};
/* End XCConfigurationList section */
	};
	rootObject = 226B0BDB1DBA3B2F00E84577 /* Project object */;
}
